# THIS IS AN AUTOGENERATED FILE. DO NOT EDIT THIS FILE DIRECTLY.
# yarn lockfile v1


"@babel/runtime@^7.0.0", "@babel/runtime@^7.4.5":
  version "7.5.5"
  resolved "https://registry.yarnpkg.com/@babel/runtime/-/runtime-7.5.5.tgz#74fba56d35efbeca444091c7850ccd494fd2f132"
  integrity sha512-28QvEGyQyNkB0/m2B4FU7IEZGK2NUrcMtT6BZEFALTguLk+AUT6ofsHtPk5QyjAdUkpMJ+/Em+quwz4HOt30AQ==
  dependencies:
    regenerator-runtime "^0.13.2"

"@react-native-community/netinfo@^4.1.4":
  version "4.1.5"
  resolved "https://registry.yarnpkg.com/@react-native-community/netinfo/-/netinfo-4.1.5.tgz#4bb44842db6a1a18f00a0f061b0e3dcc638f67dd"
  integrity sha512-lagdZr9UiVAccNXYfTEj+aUcPCx9ykbMe9puffeIyF3JsRuMmlu3BjHYx1klUHX7wNRmFNC8qVP0puxUt1sZ0A==

"@redux-saga/core@^1.0.3":
  version "1.0.3"
  resolved "https://registry.yarnpkg.com/@redux-saga/core/-/core-1.0.3.tgz#c29ec7ae3d7dfcbcb8dc93177f2b3edc798c5d85"
  integrity sha512-zf8h5N0oTzaNeSMxOWH9GJMB9IRSM8JubDsrZVsvVltXjzFFSR8DNt7tbPoRJUK0hFfQB1it+bL+dEMWpD7wXA==
  dependencies:
    "@babel/runtime" "^7.0.0"
    "@redux-saga/deferred" "^1.0.1"
    "@redux-saga/delay-p" "^1.0.1"
    "@redux-saga/is" "^1.0.2"
    "@redux-saga/symbols" "^1.0.1"
    "@redux-saga/types" "^1.0.2"
    redux ">=0.10 <5"
    typescript-tuple "^2.1.0"

"@redux-saga/deferred@^1.0.1":
  version "1.0.1"
  resolved "https://registry.yarnpkg.com/@redux-saga/deferred/-/deferred-1.0.1.tgz#c895445e486bded90acf0b873b4e978fbfe458c2"
  integrity sha512-+gW5xQ93QXOOmRLAmX8x2Hx1HpbTG6CM6+HcdTSbJovh4uMWaGyeDECnqXSt8QqA/ja3s2nqYXLqXFKepIQ1hw==

"@redux-saga/delay-p@^1.0.1":
  version "1.0.1"
  resolved "https://registry.yarnpkg.com/@redux-saga/delay-p/-/delay-p-1.0.1.tgz#d69fc6103c7509ae80faa144ea17bbc69e51e029"
  integrity sha512-0SnNDyDLUyB4NThtptAwiprNOnbCNhoed/Rp5JwS7SB+a/AdWynVgg/E6BmjsggLFNr07KW0bzn05tsPRBuU7Q==
  dependencies:
    "@redux-saga/symbols" "^1.0.1"

"@redux-saga/is@^1.0.2":
  version "1.0.2"
  resolved "https://registry.yarnpkg.com/@redux-saga/is/-/is-1.0.2.tgz#7f4be014c97061898d7efb11d6c9de31e943ed38"
  integrity sha512-WnaUOwYvPK2waWjzebT4uhL8zY76XNkzzpJ2EQJe8bN1tByvAjvT7MuJZTSshOhdHL5PsRO0MsH224XIXBJidQ==
  dependencies:
    "@redux-saga/symbols" "^1.0.1"
    "@redux-saga/types" "^1.0.2"

"@redux-saga/symbols@^1.0.1":
  version "1.0.1"
  resolved "https://registry.yarnpkg.com/@redux-saga/symbols/-/symbols-1.0.1.tgz#46512ae1275f88df061c42168d0f600ddb170c1e"
  integrity sha512-akKkzcVnb1RzJaZV2LQFbi51abvdICMuAKwwLoCjjxLbLAGIw9EJxk5ucNnWSSCEsoEQMeol5tkAcK+Xzuv1Bg==

"@redux-saga/types@^1.0.2":
  version "1.0.2"
  resolved "https://registry.yarnpkg.com/@redux-saga/types/-/types-1.0.2.tgz#1d94f02800b094753f9271c206a26c2a06ca14ee"
  integrity sha512-8/qcMh15507AnXJ3lBeuhsdFwnWQqnp68EpUuHlYPixJ5vjVmls7/Jq48cnUlrZI8Jd9U1jkhfCl0gaT5KMgVw==

"@types/yup@^0.26.23":
  version "0.26.23"
  resolved "https://registry.yarnpkg.com/@types/yup/-/yup-0.26.23.tgz#00721a3b675e7609e5bcccb94234e86b754bcd04"
  integrity sha512-+tipAL6prdInS/avA6QityIFBDvHnqk1Tv9L5JMEws5IZC6agymBGAoDsrPyYp42wGcktyQtYKv9kvGPEKd4Qg==

"@unimodules/core@~3.0.2":
  version "3.0.2"
  resolved "https://registry.yarnpkg.com/@unimodules/core/-/core-3.0.2.tgz#a2b143fb1e743809ba17c60ae1848f82b8637901"
  integrity sha512-EMZjVp+yrtoPKpDBPvj4+hyDWALl7gvpWeUsDz2Nb9MMBPLnhag1uNk3KC98StJdnjbSXKSdKrCMMidOXnyKcg==
  dependencies:
    compare-versions "^3.4.0"

"@unimodules/react-native-adapter@~3.0.0":
  version "3.0.0"
  resolved "https://registry.yarnpkg.com/@unimodules/react-native-adapter/-/react-native-adapter-3.0.0.tgz#303b76c131fe6b5ceb220235ddd1fa2a0193403d"
  integrity sha512-zkFFE0HQ2Flfx/aY3hBKDgMvQ1meUm3H6vMIacY1KywexCuKW8ivBobkOsHIet4jf7km0Eklt6WtB3LqQVw5yw==
  dependencies:
    invariant "^2.2.4"
    lodash "^4.5.0"
    prop-types "^15.6.1"

ansi-styles@^3.2.1:
  version "3.2.1"
  resolved "https://registry.yarnpkg.com/ansi-styles/-/ansi-styles-3.2.1.tgz#41fbb20243e50b12be0f04b8dedbf07520ce841d"
  integrity sha512-VT0ZI6kZRdTh8YyJw3SMbYm/u+NqfsAxEpWO0Pf9sq8/e94WxxOpPKx9FR1FlyCtOVDNOQ+8ntlqFxiRc+r5qA==
  dependencies:
    color-convert "^1.9.0"

balanced-match@^1.0.0:
  version "1.0.0"
  resolved "https://registry.yarnpkg.com/balanced-match/-/balanced-match-1.0.0.tgz#89b4d199ab2bee49de164ea02b89ce462d71b767"
  integrity sha1-ibTRmasr7kneFk6gK4nORi1xt2c=

blueimp-md5@^2.10.0:
  version "2.11.1"
  resolved "https://registry.yarnpkg.com/blueimp-md5/-/blueimp-md5-2.11.1.tgz#b1f6b6218d13cdedbf5743f32b3023b2afefcbd3"
  integrity sha512-4UiOAmql2XO0Sws07OVzYdCKK0K2Va5g6AVgYXoGhEQiKrdSOefjUCm1frPk6E+xiIOHRqaFg+TUGo7cClKg5g==

brace-expansion@^1.1.7:
  version "1.1.11"
  resolved "https://registry.yarnpkg.com/brace-expansion/-/brace-expansion-1.1.11.tgz#3c7fcbf529d87226f3d2f52b966ff5271eb441dd"
  integrity sha512-iCuPHDFgrHX7H2vEI/5xpz07zSHB00TpugqhmYtVmMO6518mCuRMoOYFldEBl0g187ufozdaHgWKcYFb61qGiA==
  dependencies:
    balanced-match "^1.0.0"
    concat-map "0.0.1"

chalk@^2.4.2:
  version "2.4.2"
  resolved "https://registry.yarnpkg.com/chalk/-/chalk-2.4.2.tgz#cd42541677a54333cf541a49108c1432b44c9424"
  integrity sha512-Mti+f9lpJNcwF4tWV8/OrTTtF1gZi+f8FqlyAdouralcFWFQWF2+NgCHShjkCb+IFBLq9buZwE1xckQU4peSuQ==
  dependencies:
    ansi-styles "^3.2.1"
    escape-string-regexp "^1.0.5"
    supports-color "^5.3.0"

color-convert@^1.9.0:
  version "1.9.3"
  resolved "https://registry.yarnpkg.com/color-convert/-/color-convert-1.9.3.tgz#bb71850690e1f136567de629d2d5471deda4c1e8"
  integrity sha512-QfAUtd+vFdAtFQcC8CCyYt1fYWxSqAiK2cSD6zDB8N3cpsEBAvRxp9zOGg6G/SHHJYAT88/az/IuDGALsNVbGg==
  dependencies:
    color-name "1.1.3"

color-name@1.1.3:
  version "1.1.3"
  resolved "https://registry.yarnpkg.com/color-name/-/color-name-1.1.3.tgz#a7d0558bd89c42f795dd42328f740831ca53bc25"
  integrity sha1-p9BVi9icQveV3UIyj3QIMcpTvCU=

compare-versions@^3.4.0:
  version "3.5.1"
  resolved "https://registry.yarnpkg.com/compare-versions/-/compare-versions-3.5.1.tgz#26e1f5cf0d48a77eced5046b9f67b6b61075a393"
  integrity sha512-9fGPIB7C6AyM18CJJBHt5EnCZDG3oiTJYy0NjfIAGjKpzv0tkxWko7TNQHF5ymqm7IH03tqmeuBxtvD+Izh6mg==

compute-scroll-into-view@^1.0.9:
  version "1.0.11"
  resolved "https://registry.yarnpkg.com/compute-scroll-into-view/-/compute-scroll-into-view-1.0.11.tgz#7ff0a57f9aeda6314132d8994cce7aeca794fecf"
  integrity sha512-uUnglJowSe0IPmWOdDtrlHXof5CTIJitfJEyITHBW6zDVOGu9Pjk5puaLM73SLcwak0L4hEjO7Td88/a6P5i7A==

concat-map@0.0.1:
  version "0.0.1"
  resolved "https://registry.yarnpkg.com/concat-map/-/concat-map-0.0.1.tgz#d8a96bd77fd68df7793a73036a3ba0d5405d477b"
  integrity sha1-2Klr13/Wjfd5OnMDajug1UBdR3s=

deepmerge@^2.1.1:
  version "2.2.1"
  resolved "https://registry.yarnpkg.com/deepmerge/-/deepmerge-2.2.1.tgz#5d3ff22a01c00f645405a2fbc17d0778a1801170"
  integrity sha512-R9hc1Xa/NOBi9WRVUWg19rl1UB7Tt4kuPd+thNJgFZoxXsTz7ncaPaeIm+40oSGuP33DfMb4sZt1QIGiJzC4EA==

downshift@^3.2.12:
  version "3.2.12"
  resolved "https://registry.yarnpkg.com/downshift/-/downshift-3.2.12.tgz#19dc3b38e2d070c814f25d67d3a430e1bd25cf74"
  integrity sha512-JV8aw9gR324GX1xi85hsHf5bf5Is8n/uLGr8BVReuhDLobIvLVl2I2Oqi0Og5bUvyyHmN9EOGmk2FuXpY9XcNg==
  dependencies:
    "@babel/runtime" "^7.4.5"
    compute-scroll-into-view "^1.0.9"
    prop-types "^15.7.2"
    react-is "^16.8.6"

escape-string-regexp@1.0.5, escape-string-regexp@^1.0.5:
  version "1.0.5"
  resolved "https://registry.yarnpkg.com/escape-string-regexp/-/escape-string-regexp-1.0.5.tgz#1b61c0562190a8dff6ae3bb2cf0200ca130b86d4"
  integrity sha1-G2HAViGQqN/2rjuyzwIAyhMLhtQ=

expo-app-loader-provider@~6.0.0:
  version "6.0.0"
  resolved "https://registry.yarnpkg.com/expo-app-loader-provider/-/expo-app-loader-provider-6.0.0.tgz#c187a39942ac27cfaec3b394a5c9851d3f39678b"
  integrity sha512-GtpztJVxOz+vVwdLyHskpzVzFWMXZPIFC/zczHZPsTwjS+wXj6n8MVaLxX6GaTyhNEtYjp0VIQUw3b7eP+vO6w==

expo-asset@^6.0.0, expo-asset@~6.0.0:
  version "6.0.0"
  resolved "https://registry.yarnpkg.com/expo-asset/-/expo-asset-6.0.0.tgz#caa3f45e7a27d978f8055fc58df6e33a4e661937"
  integrity sha512-M0sJphdCQ0mq+7kg6rQmq4rU5hbsL72AZCNrga565JchCLeevJhv6j72erh2viqDAPdvjZpGwc7pwI/dxu1+zg==
  dependencies:
    blueimp-md5 "^2.10.0"
    path-browserify "^1.0.0"
    url-parse "^1.4.4"

expo-barcode-scanner@^6.0.0:
  version "6.0.0"
  resolved "https://registry.yarnpkg.com/expo-barcode-scanner/-/expo-barcode-scanner-6.0.0.tgz#ea9c907dbb403247bfe9fa4da8f50b0d05ef6e2a"
  integrity sha512-BEAEqus5hBpcippY+/xWIM/UIWHMyAzZTwISkKovVDtiJ47bcz6Bq9nrLwFv7vjTG68Sww2e7/K8jdCc9nndyQ==
  dependencies:
    lodash "^4.6.0"
    prop-types "^15.6.0"

expo-camera@^6.0.0:
  version "6.0.0"
  resolved "https://registry.yarnpkg.com/expo-camera/-/expo-camera-6.0.0.tgz#74db78874f87de7adcd63db0e96591c331fefd28"
  integrity sha512-/yI/w2wumKVzRfiyTj84+WkRjO2srJyApjN2yFQwIIo+SncOUp5268ao2UKu4zsl3xdj6WQ7ZJeThOX/C75WRQ==
  dependencies:
    lodash "^4.6.0"
    prop-types "^15.6.0"

expo-constants@^6.0.0, expo-constants@~6.0.0:
  version "6.0.0"
  resolved "https://registry.yarnpkg.com/expo-constants/-/expo-constants-6.0.0.tgz#ff4598985ba006e24949be3f05be7429e5bedacf"
  integrity sha512-O0yL3Ok0YUEWpAqsWjOdgFD/lMfg8PUGH/nq31CZ1s7cuFUlksD42i5YhIRlb0Pa/btK8X9LpfY3eWhx9eTmbg==
  dependencies:
    ua-parser-js "^0.7.19"

expo-file-system@^6.0.2, expo-file-system@~6.0.1:
  version "6.0.2"
  resolved "https://registry.yarnpkg.com/expo-file-system/-/expo-file-system-6.0.2.tgz#e65f30eb6a7213e07933df9688116eaf4e25bbf8"
  integrity sha512-s+6oQpLhcT7MQp7fcoj1E+zttMr0WX6c0FrddzqB4dUfhIggV+nb35nQMASIiTHAj8VPUanTFliY5rETHRMHRA==
  dependencies:
    uuid-js "^0.7.5"

expo-image-picker@^6.0.0:
  version "6.0.0"
  resolved "https://registry.yarnpkg.com/expo-image-picker/-/expo-image-picker-6.0.0.tgz#776f4487d986ba9cc82169a47445e8c13ca3108b"
  integrity sha512-7IW4WxDe0xQclGhTnX3DOgTkMvt2kF/MNOPbk2y9fS5k/8am9I8jErjURPxRUGH7+TvYLEWPy63DRAJP7TYyEg==

expo-location@^6.0.0:
  version "6.0.0"
  resolved "https://registry.yarnpkg.com/expo-location/-/expo-location-6.0.0.tgz#da4e22ee5aa951d2c65d94f9916323eb4b3f8a01"
  integrity sha512-5uSebmZos0DKJ/xpi+2e9myWVPUWk+fshFedi55wzlGqy2YpTG5MlDcCLlJlamgJ5Tm8+3ECdhbFX3g1pNRDVQ==
  dependencies:
    invariant "^2.2.4"

expo-permissions@^6.0.0, expo-permissions@~6.0.0:
  version "6.0.0"
  resolved "https://registry.yarnpkg.com/expo-permissions/-/expo-permissions-6.0.0.tgz#2943f1aa98de833b88cea73cf03d18d08957cb68"
  integrity sha512-O+RdyfGiq7i+5Vi9fE38DgKn436lNWiqhnS5/Z7CC00bmKahhjVMNDbZvNn/nrdRGyaPneJk1Co1s1sexSnv0A==

expo-secure-store@^6.0.0:
  version "6.0.0"
  resolved "https://registry.yarnpkg.com/expo-secure-store/-/expo-secure-store-6.0.0.tgz#0879320b1b12196dec67f02c3386a8a8918ff1ee"
  integrity sha512-UCtxUio+c9iE+fgRpxStGbC+Ci83mlv0kh3cVEq/KbFejGPmMZ0u7oCykGqVDoPzvgTGrP1ZyJb0mwYfamXwmA==

formik@^2.0.1-rc.7:
  version "2.0.1-rc.12"
  resolved "https://registry.yarnpkg.com/formik/-/formik-2.0.1-rc.12.tgz#6cd4d98d125ba4badcbc70e8d22c1f0f1840f4c1"
  integrity sha512-V7eaOsbu+U+NWrPrAy3D1XUSYWpGjDMyES1COPGQHaTUr2e/RolUDAbBTqBSgzsMSSfHohDHGQRBQPMYVL3UfA==
  dependencies:
    deepmerge "^2.1.1"
    hoist-non-react-statics "^3.3.0"
    lodash "^4.17.14"
    lodash-es "^4.17.14"
    react-fast-compare "^2.0.1"
    scheduler "^0.14.0"
    tiny-warning "^1.0.2"
    tslib "^1.9.3"

fs.realpath@^1.0.0:
  version "1.0.0"
  resolved "https://registry.yarnpkg.com/fs.realpath/-/fs.realpath-1.0.0.tgz#1504ad2523158caa40db4a2787cb01411994ea4f"
  integrity sha1-FQStJSMVjKpA20onh8sBQRmU6k8=

glob@^7.0.0:
  version "7.1.4"
  resolved "https://registry.yarnpkg.com/glob/-/glob-7.1.4.tgz#aa608a2f6c577ad357e1ae5a5c26d9a8d1969255"
  integrity sha512-hkLPepehmnKk41pUGm3sYxoFs/umurYfYJCerbXEyFIWcAzvpipAgVkBqqT9RBKMGjnq6kMuyYwha6csxbiM1A==
  dependencies:
    fs.realpath "^1.0.0"
    inflight "^1.0.4"
    inherits "2"
    minimatch "^3.0.4"
    once "^1.3.0"
    path-is-absolute "^1.0.0"

has-flag@^3.0.0:
  version "3.0.0"
  resolved "https://registry.yarnpkg.com/has-flag/-/has-flag-3.0.0.tgz#b5d454dc2199ae225699f3467e5a07f3b955bafd"
  integrity sha1-tdRU3CGZriJWmfNGfloH87lVuv0=

hoist-non-react-statics@3.x.x, hoist-non-react-statics@^3.3.0:
  version "3.3.0"
  resolved "https://registry.yarnpkg.com/hoist-non-react-statics/-/hoist-non-react-statics-3.3.0.tgz#b09178f0122184fb95acf525daaecb4d8f45958b"
  integrity sha512-0XsbTXxgiaCDYDIWFcwkmerZPSwywfUqYmwT4jzewKTQSWoE6FCMoUVOeBJWK3E/CrWbxRG3m5GzY4lnIwGRBA==
  dependencies:
    react-is "^16.7.0"

hoist-non-react-statics@^2.3.1:
  version "2.5.5"
  resolved "https://registry.yarnpkg.com/hoist-non-react-statics/-/hoist-non-react-statics-2.5.5.tgz#c5903cf409c0dfd908f388e619d86b9c1174cb47"
  integrity sha512-rqcy4pJo55FTTLWt+bU8ukscqHeE/e9KWvsOW2b/a3afxQZhwkQdT1rPPCJ0rYXdj4vNcasY8zHTH+jF/qStxw==

inflight@^1.0.4:
  version "1.0.6"
  resolved "https://registry.yarnpkg.com/inflight/-/inflight-1.0.6.tgz#49bd6331d7d02d0c09bc910a1075ba8165b56df9"
  integrity sha1-Sb1jMdfQLQwJvJEKEHW6gWW1bfk=
  dependencies:
    once "^1.3.0"
    wrappy "1"

inherits@2:
  version "2.0.4"
  resolved "https://registry.yarnpkg.com/inherits/-/inherits-2.0.4.tgz#0fa2c64f932917c3433a0ded55363aae37416b7c"
  integrity sha512-k/vGaX4/Yla3WzyMCvTQOXYeIHvqOKtnqBduzTHpzpQZzAskKMhZ2K+EnBiSM9zGSoIFeMpXKxa4dYeZIQqewQ==

interpret@^1.0.0:
  version "1.2.0"
  resolved "https://registry.yarnpkg.com/interpret/-/interpret-1.2.0.tgz#d5061a6224be58e8083985f5014d844359576296"
  integrity sha512-mT34yGKMNceBQUoVn7iCDKDntA7SC6gycMAWzGx1z/CMCTV7b2AAtXlo3nRyHZ1FelRkQbQjprHSYGwzLtkVbw==

invariant@2.2.4, invariant@^2.2.2, invariant@^2.2.4:
  version "2.2.4"
  resolved "https://registry.yarnpkg.com/invariant/-/invariant-2.2.4.tgz#610f3c92c9359ce1db616e538008d23ff35158e6"
  integrity sha512-phJfQVBuaJM5raOpJjSfkiD6BpbCE4Ns//LaXl6wGYtUBY83nWS6Rf9tXm2e8VaK60JEjYldbPif/A2B1C2gNA==
  dependencies:
    loose-envify "^1.0.0"

"js-tokens@^3.0.0 || ^4.0.0":
  version "4.0.0"
  resolved "https://registry.yarnpkg.com/js-tokens/-/js-tokens-4.0.0.tgz#19203fb59991df98e3a287050d4647cdeaf32499"
  integrity sha512-RdJUflcE3cUzKiMqQgsCu06FPu9UdIJO0beYbPhHN4k6apgJtifcoCtT9bcxOpYBtpD2kCM6Sbzg4CausW/PKQ==

keymirror@^0.1.1:
  version "0.1.1"
  resolved "https://registry.yarnpkg.com/keymirror/-/keymirror-0.1.1.tgz#918889ea13f8d0a42e7c557250eee713adc95c35"
  integrity sha1-kYiJ6hP40KQufFVyUO7nE63JXDU=

lodash-es@^4.17.14:
  version "4.17.15"
  resolved "https://registry.yarnpkg.com/lodash-es/-/lodash-es-4.17.15.tgz#21bd96839354412f23d7a10340e5eac6ee455d78"
  integrity sha512-rlrc3yU3+JNOpZ9zj5pQtxnx2THmvRykwL4Xlxoa8I9lHBlVbbyPhgyPMioxVZ4NqyxaVVtaJnzsyOidQIhyyQ==

lodash@4.17.x, lodash@^4.17.14, lodash@^4.5.0, lodash@^4.6.0:
  version "4.17.15"
  resolved "https://registry.yarnpkg.com/lodash/-/lodash-4.17.15.tgz#b447f6670a0455bbfeedd11392eff330ea097548"
  integrity sha512-8xOcRHvCjnocdS5cpwXQXVzmmh5e5+saE2QGoeQmbKmRS6J3VQppPOIt0MnmE+4xlZoumy0GPG0D0MVIQbNA1A==

loose-envify@^1.0.0, loose-envify@^1.1.0, loose-envify@^1.4.0:
  version "1.4.0"
  resolved "https://registry.yarnpkg.com/loose-envify/-/loose-envify-1.4.0.tgz#71ee51fa7be4caec1a63839f7e682d8132d30caf"
  integrity sha512-lyuxPGr/Wfhrlem2CL/UcnUc1zcqKAImBDzukY7Y5F/yQiNdko6+fRLevlw1HgMySw7f611UIY408EtxRSoK3Q==
  dependencies:
    js-tokens "^3.0.0 || ^4.0.0"

minimatch@^3.0.4:
  version "3.0.4"
  resolved "https://registry.yarnpkg.com/minimatch/-/minimatch-3.0.4.tgz#5166e286457f03306064be5497e8dbb0c3d32083"
  integrity sha512-yJHVQEhyqPLUTgt9B83PXu6W3rx4MvvHvSUvToogpwoGDOUQ+yDrR0HRot+yOCdCO7u4hX3pWft6kWBBcqh0UA==
  dependencies:
    brace-expansion "^1.1.7"

object-assign@^4.1.1:
  version "4.1.1"
  resolved "https://registry.yarnpkg.com/object-assign/-/object-assign-4.1.1.tgz#2109adc7965887cfc05cbbd442cac8bfbb360863"
  integrity sha1-IQmtx5ZYh8/AXLvUQsrIv7s2CGM=

once@^1.3.0:
  version "1.4.0"
  resolved "https://registry.yarnpkg.com/once/-/once-1.4.0.tgz#583b1aa775961d4b113ac17d9c50baef9dd76bd1"
  integrity sha1-WDsap3WWHUsROsF9nFC6753Xa9E=
  dependencies:
    wrappy "1"

path-browserify@^1.0.0:
  version "1.0.0"
  resolved "https://registry.yarnpkg.com/path-browserify/-/path-browserify-1.0.0.tgz#40702a97af46ae00b0ea6fa8998c0b03c0af160d"
  integrity sha512-Hkavx/nY4/plImrZPHRk2CL9vpOymZLgEbMNX1U0bjcBL7QN9wODxyx0yaMZURSQaUtSEvDrfAvxa9oPb0at9g==

path-is-absolute@^1.0.0:
  version "1.0.1"
  resolved "https://registry.yarnpkg.com/path-is-absolute/-/path-is-absolute-1.0.1.tgz#174b9268735534ffbc7ace6bf53a5a9e1b5c5f5f"
  integrity sha1-F0uSaHNVNP+8es5r9TpanhtcX18=

path-parse@^1.0.6:
  version "1.0.6"
  resolved "https://registry.yarnpkg.com/path-parse/-/path-parse-1.0.6.tgz#d62dbb5679405d72c4737ec58600e9ddcf06d24c"
  integrity sha512-GSmOT2EbHrINBf9SR7CDELwlJ8AENk3Qn7OikK4nFYAu3Ote2+JYNVvkpAEQm3/TLNEJFD/xZJjzyxg3KBWOzw==

prop-types@15.x.x, prop-types@^15.5.10, prop-types@^15.6.0, prop-types@^15.6.1, prop-types@^15.7.2:
  version "15.7.2"
  resolved "https://registry.yarnpkg.com/prop-types/-/prop-types-15.7.2.tgz#52c41e75b8c87e72b9d9360e0206b99dcbffa6c5"
  integrity sha512-8QQikdH7//R2vurIJSutZ1smHYTcLpRWEOlHnzcWHmBYrOGUysKwSsrC89BCiFj3CbrfJ/nXFdJepOVrY1GCHQ==
  dependencies:
    loose-envify "^1.4.0"
    object-assign "^4.1.1"
    react-is "^16.8.1"

querystringify@^2.1.1:
  version "2.1.1"
  resolved "https://registry.yarnpkg.com/querystringify/-/querystringify-2.1.1.tgz#60e5a5fd64a7f8bfa4d2ab2ed6fdf4c85bad154e"
  integrity sha512-w7fLxIRCRT7U8Qu53jQnJyPkYZIaR4n5151KMfcJlO/A9397Wxb1amJvROTK6TOnp7PfoAmg/qXiNHI+08jRfA==

react-fast-compare@^2.0.1:
  version "2.0.4"
  resolved "https://registry.yarnpkg.com/react-fast-compare/-/react-fast-compare-2.0.4.tgz#e84b4d455b0fec113e0402c329352715196f81f9"
  integrity sha512-suNP+J1VU1MWFKcyt7RtjiSWUjvidmQSlqu+eHslq+342xCbGTYmC0mEhPCOHxlW0CywylOC1u2DFAT+bv4dBw==

react-is@^16.7.0, react-is@^16.8.1, react-is@^16.8.6:
  version "16.9.0"
  resolved "https://registry.yarnpkg.com/react-is/-/react-is-16.9.0.tgz#21ca9561399aad0ff1a7701c01683e8ca981edcb"
  integrity sha512-tJBzzzIgnnRfEm046qRcURvwQnZVXmuCbscxUO5RWrGTXpon2d4c8mI0D8WE6ydVIm29JiLB6+RslkIvym9Rjw==

react-lifecycles-compat@2.0.0:
  version "2.0.0"
  resolved "https://registry.yarnpkg.com/react-lifecycles-compat/-/react-lifecycles-compat-2.0.0.tgz#71d9c4cde47114c4102454f76da055c2bc48c948"
  integrity sha512-txfpPCQYiazVdcbMRhatqWKcAxJweUu2wDXvts5/7Wyp6+Y9cHojqXHsLPEckzutfHlxZhG8Oiundbmp8Fd6eQ==

react-native-gesture-handler@^1.3.0:
  version "1.3.0"
  resolved "https://registry.yarnpkg.com/react-native-gesture-handler/-/react-native-gesture-handler-1.3.0.tgz#d0386f565928ccc1849537f03f2e37fd5f6ad43f"
  integrity sha512-ASRFIXBuKRvqlmwkWJhV8yP2dTpvcqVrLNpd7FKVBFHYWr6SAxjGyO9Ik8w1lAxDhMlRP2IcJ9p9eq5X2WWeLQ==
  dependencies:
    hoist-non-react-statics "^2.3.1"
    invariant "^2.2.2"
    prop-types "^15.5.10"

react-native-navigation@^3.1.0:
  version "3.1.0"
  resolved "https://registry.yarnpkg.com/react-native-navigation/-/react-native-navigation-3.1.0.tgz#2beea7d929875925d18fb374662bb1c92965adb3"
  integrity sha512-J6r4MgBftUrN4JzaMJ1rau4P0nnMJ7RCjQdIv4ZNSIyn4Hgn264mQyhIImnJB4YBIkgDgSmMffqsv68YadigBQ==
  dependencies:
    hoist-non-react-statics "3.x.x"
    lodash "4.17.x"
    prop-types "15.x.x"
    react-lifecycles-compat "2.0.0"
    tslib "1.9.3"

react-native-orientation-locker@^1.1.6:
  version "1.1.6"
  resolved "https://registry.yarnpkg.com/react-native-orientation-locker/-/react-native-orientation-locker-1.1.6.tgz#7d66a62cdbf4dd1548522efe69a4e04af5daf929"
  integrity sha512-yXTC8KmKfhuEAh+gCOcehx0v4IjYapV0lJ6W1muafoISvxMsT+Cizzy+Iz78hQywVZTJNB/Xusl7WMXev7OxDQ==

react-native-unimodules@^0.5.4:
  version "0.5.4"
  resolved "https://registry.yarnpkg.com/react-native-unimodules/-/react-native-unimodules-0.5.4.tgz#d4d779576a027f0455b14d396b0e002cb57963fe"
  integrity sha512-47ZJzZriaVtvDJp24HLu6xcKBaDScDcx71yIDmahsKKJtbEHmXl7jPz1y/2FhAKSb174m9niu3F97Di5Bo+91g==
  dependencies:
    "@unimodules/core" "~3.0.2"
    "@unimodules/react-native-adapter" "~3.0.0"
    chalk "^2.4.2"
    expo-app-loader-provider "~6.0.0"
    expo-asset "~6.0.0"
    expo-constants "~6.0.0"
    expo-file-system "~6.0.1"
    expo-permissions "~6.0.0"
    unimodules-barcode-scanner-interface "~3.0.0"
    unimodules-camera-interface "~3.0.0"
    unimodules-constants-interface "~3.0.0"
    unimodules-face-detector-interface "~3.0.0"
    unimodules-file-system-interface "~3.0.0"
    unimodules-font-interface "~3.0.0"
    unimodules-image-loader-interface "~3.0.0"
    unimodules-permissions-interface "~3.0.0"
    unimodules-sensors-interface "~3.0.0"
    unimodules-task-manager-interface "~3.0.0"

react-native-video@^5.0.0:
  version "5.0.0"
  resolved "https://registry.yarnpkg.com/react-native-video/-/react-native-video-5.0.0.tgz#30b58e31f0776bfa8dc71109c25114d4e50d9209"
  integrity sha512-nSG7Zkc0SE2Pa/sKWvMEPUc9Zlo0iVOFTac0GcXd/U5vTsm4L28leQzJ8K/s+Yc5xfCYaeb9bIWROqw2oiB9Ig==
  dependencies:
    keymirror "^0.1.1"
    prop-types "^15.5.10"
    shaka-player "^2.4.4"

react-native-webview@^6.9.0:
  version "6.9.0"
  resolved "https://registry.yarnpkg.com/react-native-webview/-/react-native-webview-6.9.0.tgz#d637618fe65ddc9972a55a1d181fd6879a2fcebd"
  integrity sha512-pipcyQNhSjSfMyle+JugLwYXJBJ0rQCnJOgkz7EcsZbrAvGjFbQOAjDRYi86y9Ibw+h+sjdhPWcLi/kSHScc+w==
  dependencies:
    escape-string-regexp "1.0.5"
    invariant "2.2.4"

rechoir@^0.6.2:
  version "0.6.2"
  resolved "https://registry.yarnpkg.com/rechoir/-/rechoir-0.6.2.tgz#85204b54dba82d5742e28c96756ef43af50e3384"
  integrity sha1-hSBLVNuoLVdC4oyWdW70OvUOM4Q=
  dependencies:
    resolve "^1.1.6"

"redux@>=0.10 <5":
  version "4.0.4"
  resolved "https://registry.yarnpkg.com/redux/-/redux-4.0.4.tgz#4ee1aeb164b63d6a1bcc57ae4aa0b6e6fa7a3796"
  integrity sha512-vKv4WdiJxOWKxK0yRoaK3Y4pxxB0ilzVx6dszU2W8wLxlb2yikRph4iV/ymtdJ6ZxpBLFbyrxklnT5yBbQSl3Q==
  dependencies:
    loose-envify "^1.4.0"
    symbol-observable "^1.2.0"

regenerator-runtime@^0.13.2:
  version "0.13.3"
  resolved "https://registry.yarnpkg.com/regenerator-runtime/-/regenerator-runtime-0.13.3.tgz#7cf6a77d8f5c6f60eb73c5fc1955b2ceb01e6bf5"
  integrity sha512-naKIZz2GQ8JWh///G7L3X6LaQUAMp2lvb1rvwwsURe/VXwD6VMfr+/1NuNw3ag8v2kY1aQ/go5SNn79O9JU7yw==

requires-port@^1.0.0:
  version "1.0.0"
  resolved "https://registry.yarnpkg.com/requires-port/-/requires-port-1.0.0.tgz#925d2601d39ac485e091cf0da5c6e694dc3dcaff"
  integrity sha1-kl0mAdOaxIXgkc8NpcbmlNw9yv8=

resolve@^1.1.6:
  version "1.12.0"
  resolved "https://registry.yarnpkg.com/resolve/-/resolve-1.12.0.tgz#3fc644a35c84a48554609ff26ec52b66fa577df6"
  integrity sha512-B/dOmuoAik5bKcD6s6nXDCjzUKnaDvdkRyAk6rsmsKLipWj4797iothd7jmmUhWTfinVMU+wc56rYKsit2Qy4w==
  dependencies:
    path-parse "^1.0.6"

scheduler@^0.14.0:
  version "0.14.0"
  resolved "https://registry.yarnpkg.com/scheduler/-/scheduler-0.14.0.tgz#b392c23c9c14bfa2933d4740ad5603cc0d59ea5b"
  integrity sha512-9CgbS06Kki2f4R9FjLSITjZo5BZxPsryiRNyL3LpvrM9WxcVmhlqAOc9E+KQbeI2nqej4JIIbOsfdL51cNb4Iw==
  dependencies:
    loose-envify "^1.1.0"
    object-assign "^4.1.1"

shaka-player@^2.4.4:
  version "2.5.4"
  resolved "https://registry.yarnpkg.com/shaka-player/-/shaka-player-2.5.4.tgz#0491ec3bfddf91453f09ac1d731e5eb21e39f684"
  integrity sha512-r7s2xauV4id0jUzAEtE2+E+0keOfrdkk2mZhiDLs9CrhA9IR0hqrOZLLzthNP4/yF5oBmNcAZU0/qWPwlawHEA==

shelljs@^0.8.3:
  version "0.8.3"
  resolved "https://registry.yarnpkg.com/shelljs/-/shelljs-0.8.3.tgz#a7f3319520ebf09ee81275b2368adb286659b097"
  integrity sha512-fc0BKlAWiLpwZljmOvAOTE/gXawtCoNrP5oaY7KIaQbbyHeQVg01pSEuEGvGh3HEdBU4baCD7wQBwADmM/7f7A==
  dependencies:
    glob "^7.0.0"
    interpret "^1.0.0"
    rechoir "^0.6.2"

supports-color@^5.3.0:
  version "5.5.0"
  resolved "https://registry.yarnpkg.com/supports-color/-/supports-color-5.5.0.tgz#e2e69a44ac8772f78a1ec0b35b689df6530efc8f"
  integrity sha512-QjVjwdXIt408MIiAqCX4oUKsgU2EqAGzs2Ppkm4aQYbjm+ZEWEcW4SfFNTr4uMNZma0ey4f5lgLrkB0aX0QMow==
  dependencies:
    has-flag "^3.0.0"

symbol-observable@^1.2.0:
  version "1.2.0"
  resolved "https://registry.yarnpkg.com/symbol-observable/-/symbol-observable-1.2.0.tgz#c22688aed4eab3cdc2dfeacbb561660560a00804"
  integrity sha512-e900nM8RRtGhlV36KGEU9k65K3mPb1WV70OdjfxlG2EAuM1noi/E/BaW/uMhL7bPEssK8QV57vN3esixjUvcXQ==

tiny-warning@^1.0.2:
  version "1.0.3"
  resolved "https://registry.yarnpkg.com/tiny-warning/-/tiny-warning-1.0.3.tgz#94a30db453df4c643d0fd566060d60a875d84754"
  integrity sha512-lBN9zLN/oAf68o3zNXYrdCt1kP8WsiGW8Oo2ka41b2IM5JL/S1CTyX1rW0mb/zSuJun0ZUrDxx4sqvYS2FWzPA==

tslib@1.9.3:
  version "1.9.3"
  resolved "https://registry.yarnpkg.com/tslib/-/tslib-1.9.3.tgz#d7e4dd79245d85428c4d7e4822a79917954ca286"
  integrity sha512-4krF8scpejhaOgqzBEcGM7yDIEfi0/8+8zDRZhNZZ2kjmHJ4hv3zCbQWxoJGz1iw5U0Jl0nma13xzHXcncMavQ==

tslib@^1.9.3:
  version "1.10.0"
  resolved "https://registry.yarnpkg.com/tslib/-/tslib-1.10.0.tgz#c3c19f95973fb0a62973fb09d90d961ee43e5c8a"
  integrity sha512-qOebF53frne81cf0S9B41ByenJ3/IuH8yJKngAX35CmiZySA0khhkovshKK+jGCaMnVomla7gVlIcc3EvKPbTQ==

typescript-compare@^0.0.2:
  version "0.0.2"
  resolved "https://registry.yarnpkg.com/typescript-compare/-/typescript-compare-0.0.2.tgz#7ee40a400a406c2ea0a7e551efd3309021d5f425"
  integrity sha512-8ja4j7pMHkfLJQO2/8tut7ub+J3Lw2S3061eJLFQcvs3tsmJKp8KG5NtpLn7KcY2w08edF74BSVN7qJS0U6oHA==
  dependencies:
    typescript-logic "^0.0.0"

typescript-logic@^0.0.0:
  version "0.0.0"
  resolved "https://registry.yarnpkg.com/typescript-logic/-/typescript-logic-0.0.0.tgz#66ebd82a2548f2b444a43667bec120b496890196"
  integrity sha512-zXFars5LUkI3zP492ls0VskH3TtdeHCqu0i7/duGt60i5IGPIpAHE/DWo5FqJ6EjQ15YKXrt+AETjv60Dat34Q==

typescript-tuple@^2.1.0:
  version "2.2.1"
  resolved "https://registry.yarnpkg.com/typescript-tuple/-/typescript-tuple-2.2.1.tgz#7d9813fb4b355f69ac55032e0363e8bb0f04dad2"
  integrity sha512-Zcr0lbt8z5ZdEzERHAMAniTiIKerFCMgd7yjq1fPnDJ43et/k9twIFQMUYff9k5oXcsQ0WpvFcgzK2ZKASoW6Q==
  dependencies:
    typescript-compare "^0.0.2"

ua-parser-js@^0.7.19:
  version "0.7.20"
  resolved "https://registry.yarnpkg.com/ua-parser-js/-/ua-parser-js-0.7.20.tgz#7527178b82f6a62a0f243d1f94fd30e3e3c21098"
  integrity sha512-8OaIKfzL5cpx8eCMAhhvTlft8GYF8b2eQr6JkCyVdrgjcytyOmPCXrqXFcUnhonRpLlh5yxEZVohm6mzaowUOw==

unimodules-barcode-scanner-interface@~3.0.0:
  version "3.0.0"
  resolved "https://registry.yarnpkg.com/unimodules-barcode-scanner-interface/-/unimodules-barcode-scanner-interface-3.0.0.tgz#2ec52201ee1f0e10af3b03ed49862d6b6937cf10"
  integrity sha512-EtJBfKU5VgZbyIfIZwyWfUo59pIgW6s7YGzlpj9jk4UWKyqqhYT/FoaZqudCJcPcfh2eYxkc9VxBGieRBpQrzg==

unimodules-camera-interface@~3.0.0:
  version "3.0.0"
  resolved "https://registry.yarnpkg.com/unimodules-camera-interface/-/unimodules-camera-interface-3.0.0.tgz#2869f0868a9e2c65bd2346f0a67d93bc96509676"
  integrity sha512-STjf1FAdYlN27ilJSR4kIUYyHTPrkQSR/mEg4S4pZX6tazmcuG2KzLCXCoV+xMWsrwmsMBjgLzw6yzg87N5Ydw==

unimodules-constants-interface@~3.0.0:
  version "3.0.0"
  resolved "https://registry.yarnpkg.com/unimodules-constants-interface/-/unimodules-constants-interface-3.0.0.tgz#991f823369da27362e8633a7dac680fb530e5569"
  integrity sha512-S4ap11UJH7D+Y4fXC7DyMNAkqIWD8B7rNCTS30wAF9beHXMZa1Od66rkJgSHqFRURy06h+Jr7qfJm9H5mtMz8Q==

unimodules-face-detector-interface@~3.0.0:
  version "3.0.0"
  resolved "https://registry.yarnpkg.com/unimodules-face-detector-interface/-/unimodules-face-detector-interface-3.0.0.tgz#5752a00156a6de470944161040b845a1f1ae84b0"
  integrity sha512-fMQ3ZnhdOjbQ5ZXW62s/t1bbqBaenxzVIcgVEcwvLIFek0mx/EMHFkySgFkFjU11icUvaPEXW1yJtkK4QEpLhg==

unimodules-file-system-interface@~3.0.0:
  version "3.0.0"
  resolved "https://registry.yarnpkg.com/unimodules-file-system-interface/-/unimodules-file-system-interface-3.0.0.tgz#0ada7a89e3046d2fa4dd1853b867fe8ae3994561"
  integrity sha512-LkLIKRE3CwsXLRFw8vx0++Cfjj+pAvvidVb7yhGWKFmNlVaWUW9Z8jkhFLBFXDsGFAOU69bUTrz25jmB2MRt0Q==

unimodules-font-interface@~3.0.0:
  version "3.0.0"
  resolved "https://registry.yarnpkg.com/unimodules-font-interface/-/unimodules-font-interface-3.0.0.tgz#e38dfc0932e9a84c5b8091eeb6735170fa86d85e"
  integrity sha512-DOQI0uTn7CGvA9lNUuiTWfQYuKQEM8LZKn6gNS8G+HVHVb+TZl/37qdhuoMBi5jkAZ4VOD/GpgnPv8qr0pJi1Q==

unimodules-image-loader-interface@~3.0.0:
  version "3.0.0"
  resolved "https://registry.yarnpkg.com/unimodules-image-loader-interface/-/unimodules-image-loader-interface-3.0.0.tgz#49e371fdf3fc4acf382f726cfac643d5c08b051f"
  integrity sha512-hC/VWdT33GkOZ4FLaqPoKGNKxhw+miFhM+7Re57snWIWYewSv0lRvCqqwc/hbGLocvd2qF3YYrBx9woqPI8NzA==

unimodules-permissions-interface@~3.0.0:
  version "3.0.0"
  resolved "https://registry.yarnpkg.com/unimodules-permissions-interface/-/unimodules-permissions-interface-3.0.0.tgz#c8396a1b697b116801cfcb3b52466b87380a5b78"
  integrity sha512-rfyGDBMtO8IOlk9hJN44EKz7vk6nt/PXByAumsptRdgsd+knokMlaWGYatrxKW2g/08WUbEkgKspvMxjJ0M1Tg==

unimodules-sensors-interface@~3.0.0:
  version "3.0.0"
  resolved "https://registry.yarnpkg.com/unimodules-sensors-interface/-/unimodules-sensors-interface-3.0.0.tgz#9591b7015fae5c2752652a4cdc294f7734489ea1"
  integrity sha512-1JJT/lqCfxHqUSJc3o6b0WUply/lFOJjcuzN0QcAfmdAW8d+lEXA7BJ7DV/Nn/OKpMlHriEyxkM+FoGoXKJJcg==

unimodules-task-manager-interface@~3.0.0:
  version "3.0.0"
  resolved "https://registry.yarnpkg.com/unimodules-task-manager-interface/-/unimodules-task-manager-interface-3.0.0.tgz#26f31786eb54dfa5839ca71bf9a77b9c2b4cf4cb"
  integrity sha512-og4UiUOxc7PqT8uQQqXY+pOBvdS204xmgyUG2AjM2L3kVsw/6WH4pIW084WG8/e9M5SLsSXdrjecIUBQ/zLf8w==

url-parse@^1.4.4:
  version "1.4.7"
  resolved "https://registry.yarnpkg.com/url-parse/-/url-parse-1.4.7.tgz#a8a83535e8c00a316e403a5db4ac1b9b853ae278"
  integrity sha512-d3uaVyzDB9tQoSXFvuSUNFibTd9zxd2bkVrDRvF5TmvWWQwqE4lgYJ5m+x1DbecWkw+LK4RNl2CU1hHuOKPVlg==
  dependencies:
    querystringify "^2.1.1"
    requires-port "^1.0.0"

uuid-js@^0.7.5:
  version "0.7.5"
  resolved "https://registry.yarnpkg.com/uuid-js/-/uuid-js-0.7.5.tgz#6c886d02a53d2d40dcf25d91a170b4a7b25b94d0"
  integrity sha1-bIhtAqU9LUDc8l2RoXC0p7JblNA=

wrappy@1:
  version "1.0.2"
  resolved "https://registry.yarnpkg.com/wrappy/-/wrappy-1.0.2.tgz#b5243d8f3ec1aa35f1364605bc0d1036e30ab69f"
  integrity sha1-tSQ9jz7BqjXxNkYFvA0QNuMKtp8=
